
Microsoft Visual Studio Solution File, Format Version 12.00
# Visual Studio 15
VisualStudioVersion = 15.0.28307.438
MinimumVisualStudioVersion = 10.0.40219.1
Project("{FAE04EC0-301F-11D3-BF4B-00C04F79EFBC}") = "NiyatJobs", "NiyatJobs\NiyatJobs.csproj", "{CD88C4E3-6C0A-46DF-9941-0C9EE7E43C72}"
EndProject
Project("{FAE04EC0-301F-11D3-BF4B-00C04F79EFBC}") = "Niyat.Enterprise.DAL", "Niyat.Enterprise.DAL\Niyat.Enterprise.DAL.csproj", "{041BEA2F-D8E3-4981-BE88-34718CC86E7E}"
EndProject
Project("{FAE04EC0-301F-11D3-BF4B-00C04F79EFBC}") = "Niyat.Enterprise.BLL", "Niyat.Enterprise.BLL\Niyat.Enterprise.BLL.csproj", "{15C1DC9C-72D2-472A-971C-DCE905225646}"
EndProject
Project("{FAE04EC0-301F-11D3-BF4B-00C04F79EFBC}") = "Niyat.Enterprise.ViewModels", "Niyat.Enterprise.ViewModels\Niyat.Enterprise.ViewModels.csproj", "{C5F81E17-241A-4701-93B1-F5BA9BF793BA}"
EndProject
Project("{FAE04EC0-301F-11D3-BF4B-00C04F79EFBC}") = "Niyat.Enterprise.Helpers", "Niyat.Enterprise.Helpers\Niyat.Enterprise.Helpers.csproj", "{72A5E2AF-68EE-4DF1-BF61-79DC2FF26536}"
EndProject
Global
	GlobalSection(SolutionConfigurationPlatforms) = preSolution
		Debug|Any CPU = Debug|Any CPU
		Release|Any CPU = Release|Any CPU
	EndGlobalSection
	GlobalSection(ProjectConfigurationPlatforms) = postSolution
		{CD88C4E3-6C0A-46DF-9941-0C9EE7E43C72}.Debug|Any CPU.ActiveCfg = Debug|Any CPU
		{CD88C4E3-6C0A-46DF-9941-0C9EE7E43C72}.Debug|Any CPU.Build.0 = Debug|Any CPU
		{CD88C4E3-6C0A-46DF-9941-0C9EE7E43C72}.Release|Any CPU.ActiveCfg = Release|Any CPU
		{CD88C4E3-6C0A-46DF-9941-0C9EE7E43C72}.Release|Any CPU.Build.0 = Release|Any CPU
		{041BEA2F-D8E3-4981-BE88-34718CC86E7E}.Debug|Any CPU.ActiveCfg = Debug|Any CPU
		{041BEA2F-D8E3-4981-BE88-34718CC86E7E}.Debug|Any CPU.Build.0 = Debug|Any CPU
		{041BEA2F-D8E3-4981-BE88-34718CC86E7E}.Release|Any CPU.ActiveCfg = Release|Any CPU
		{041BEA2F-D8E3-4981-BE88-34718CC86E7E}.Release|Any CPU.Build.0 = Release|Any CPU
		{15C1DC9C-72D2-472A-971C-DCE905225646}.Debug|Any CPU.ActiveCfg = Debug|Any CPU
		{15C1DC9C-72D2-472A-971C-DCE905225646}.Debug|Any CPU.Build.0 = Debug|Any CPU
		{15C1DC9C-72D2-472A-971C-DCE905225646}.Release|Any CPU.ActiveCfg = Release|Any CPU
		{15C1DC9C-72D2-472A-971C-DCE905225646}.Release|Any CPU.Build.0 = Release|Any CPU
		{C5F81E17-241A-4701-93B1-F5BA9BF793BA}.Debug|Any CPU.ActiveCfg = Debug|Any CPU
		{C5F81E17-241A-4701-93B1-F5BA9BF793BA}.Debug|Any CPU.Build.0 = Debug|Any CPU
		{C5F81E17-241A-4701-93B1-F5BA9BF793BA}.Release|Any CPU.ActiveCfg = Release|Any CPU
		{C5F81E17-241A-4701-93B1-F5BA9BF793BA}.Release|Any CPU.Build.0 = Release|Any CPU
		{72A5E2AF-68EE-4DF1-BF61-79DC2FF26536}.Debug|Any CPU.ActiveCfg = Debug|Any CPU
		{72A5E2AF-68EE-4DF1-BF61-79DC2FF26536}.Debug|Any CPU.Build.0 = Debug|Any CPU
		{72A5E2AF-68EE-4DF1-BF61-79DC2FF26536}.Release|Any CPU.ActiveCfg = Release|Any CPU
		{72A5E2AF-68EE-4DF1-BF61-79DC2FF26536}.Release|Any CPU.Build.0 = Release|Any CPU
	EndGlobalSection
	GlobalSection(SolutionProperties) = preSolution
		HideSolutionNode = FALSE
	EndGlobalSection
	GlobalSection(ExtensibilityGlobals) = postSolution
		SolutionGuid = {55C3BF30-3551-4A48-A784-DC477341283A}
	EndGlobalSection
EndGlobal
